
Microsoft Visual Studio Solution File, Format Version 12.00
# Visual Studio 14
VisualStudioVersion = 14.0.25420.1
MinimumVisualStudioVersion = 10.0.40219.1
Project("{FAE04EC0-301F-11D3-BF4B-00C04F79EFBC}") = "UI", "UI\UI.csproj", "{52F506DF-4C9B-4541-A779-BDC98399B308}"
EndProject
Project("{FAE04EC0-301F-11D3-BF4B-00C04F79EFBC}") = "BLL", "BLL\BLL.csproj", "{6AA77C91-44D0-4288-8098-5469827A2722}"
EndProject
Project("{FAE04EC0-301F-11D3-BF4B-00C04F79EFBC}") = "DAL", "DAL\DAL.csproj", "{69D9DE92-88FB-4C87-A37C-E0172E2857F0}"
EndProject
Global
	GlobalSection(SolutionConfigurationPlatforms) = preSolution
		Debug|Any CPU = Debug|Any CPU
		Release|Any CPU = Release|Any CPU
	EndGlobalSection
	GlobalSection(ProjectConfigurationPlatforms) = postSolution
		{52F506DF-4C9B-4541-A779-BDC98399B308}.Debug|Any CPU.ActiveCfg = Debug|Any CPU
		{52F506DF-4C9B-4541-A779-BDC98399B308}.Debug|Any CPU.Build.0 = Debug|Any CPU
		{52F506DF-4C9B-4541-A779-BDC98399B308}.Release|Any CPU.ActiveCfg = Release|Any CPU
		{52F506DF-4C9B-4541-A779-BDC98399B308}.Release|Any CPU.Build.0 = Release|Any CPU
		{6AA77C91-44D0-4288-8098-5469827A2722}.Debug|Any CPU.ActiveCfg = Debug|Any CPU
		{6AA77C91-44D0-4288-8098-5469827A2722}.Debug|Any CPU.Build.0 = Debug|Any CPU
		{6AA77C91-44D0-4288-8098-5469827A2722}.Release|Any CPU.ActiveCfg = Release|Any CPU
		{6AA77C91-44D0-4288-8098-5469827A2722}.Release|Any CPU.Build.0 = Release|Any CPU
		{69D9DE92-88FB-4C87-A37C-E0172E2857F0}.Debug|Any CPU.ActiveCfg = Debug|Any CPU
		{69D9DE92-88FB-4C87-A37C-E0172E2857F0}.Debug|Any CPU.Build.0 = Debug|Any CPU
		{69D9DE92-88FB-4C87-A37C-E0172E2857F0}.Release|Any CPU.ActiveCfg = Release|Any CPU
		{69D9DE92-88FB-4C87-A37C-E0172E2857F0}.Release|Any CPU.Build.0 = Release|Any CPU
	EndGlobalSection
	GlobalSection(SolutionProperties) = preSolution
		HideSolutionNode = FALSE
	EndGlobalSection
EndGlobal
